
Microsoft Visual Studio Solution File, Format Version 11.00
# Visual Studio 2010
Project("{FAE04EC0-301F-11D3-BF4B-00C04F79EFBC}") = "Assembly-CSharp", "Assembly-CSharp.csproj", "{317c3233-62dc-c179-e950-6f6c39840eb6}"
EndProject
Project("{FAE04EC0-301F-11D3-BF4B-00C04F79EFBC}") = "NavMeshComponents", "NavMeshComponents.csproj", "{4fd27fb5-a625-8b08-43aa-ca147e77ab64}"
EndProject
Project("{FAE04EC0-301F-11D3-BF4B-00C04F79EFBC}") = "Assembly-CSharp-Editor", "Assembly-CSharp-Editor.csproj", "{1a9c9937-4249-f324-6871-6aa375d7a911}"
EndProject
Project("{FAE04EC0-301F-11D3-BF4B-00C04F79EFBC}") = "NavMeshComponentsEditor", "NavMeshComponentsEditor.csproj", "{159f5590-5815-d4ab-a6fd-d1997941ca4b}"
EndProject
Project("{FAE04EC0-301F-11D3-BF4B-00C04F79EFBC}") = "GoogleMobileAds.Editor", "GoogleMobileAds.Editor.csproj", "{8250b6ab-4c88-bc5e-06ef-ad1a79902e92}"
EndProject
Global
	GlobalSection(SolutionConfigurationPlatforms) = preSolution
		Debug|Any CPU = Debug|Any CPU
	EndGlobalSection
	GlobalSection(ProjectConfigurationPlatforms) = postSolution
		{317c3233-62dc-c179-e950-6f6c39840eb6}.Debug|Any CPU.ActiveCfg = Debug|Any CPU
		{317c3233-62dc-c179-e950-6f6c39840eb6}.Debug|Any CPU.Build.0 = Debug|Any CPU
		{4fd27fb5-a625-8b08-43aa-ca147e77ab64}.Debug|Any CPU.ActiveCfg = Debug|Any CPU
		{4fd27fb5-a625-8b08-43aa-ca147e77ab64}.Debug|Any CPU.Build.0 = Debug|Any CPU
		{1a9c9937-4249-f324-6871-6aa375d7a911}.Debug|Any CPU.ActiveCfg = Debug|Any CPU
		{1a9c9937-4249-f324-6871-6aa375d7a911}.Debug|Any CPU.Build.0 = Debug|Any CPU
		{159f5590-5815-d4ab-a6fd-d1997941ca4b}.Debug|Any CPU.ActiveCfg = Debug|Any CPU
		{159f5590-5815-d4ab-a6fd-d1997941ca4b}.Debug|Any CPU.Build.0 = Debug|Any CPU
		{8250b6ab-4c88-bc5e-06ef-ad1a79902e92}.Debug|Any CPU.ActiveCfg = Debug|Any CPU
		{8250b6ab-4c88-bc5e-06ef-ad1a79902e92}.Debug|Any CPU.Build.0 = Debug|Any CPU
	EndGlobalSection
	GlobalSection(SolutionProperties) = preSolution
		HideSolutionNode = FALSE
	EndGlobalSection
EndGlobal
